
Microsoft Visual Studio Solution File, Format Version 12.00
# Visual Studio Version 17
VisualStudioVersion = 17.11.35219.272
MinimumVisualStudioVersion = 10.0.40219.1
Project("{FAE04EC0-301F-11D3-BF4B-00C04F79EFBC}") = "Sesion4", "Sesion4\Sesion4.csproj", "{A68FC9FE-0857-4FE4-90B4-3622E0909949}"
EndProject
Global
	GlobalSection(SolutionConfigurationPlatforms) = preSolution
		Debug|Any CPU = Debug|Any CPU
		Release|Any CPU = Release|Any CPU
	EndGlobalSection
	GlobalSection(ProjectConfigurationPlatforms) = postSolution
		{A68FC9FE-0857-4FE4-90B4-3622E0909949}.Debug|Any CPU.ActiveCfg = Debug|Any CPU
		{A68FC9FE-0857-4FE4-90B4-3622E0909949}.Debug|Any CPU.Build.0 = Debug|Any CPU
		{A68FC9FE-0857-4FE4-90B4-3622E0909949}.Release|Any CPU.ActiveCfg = Release|Any CPU
		{A68FC9FE-0857-4FE4-90B4-3622E0909949}.Release|Any CPU.Build.0 = Release|Any CPU
	EndGlobalSection
	GlobalSection(SolutionProperties) = preSolution
		HideSolutionNode = FALSE
	EndGlobalSection
	GlobalSection(ExtensibilityGlobals) = postSolution
		SolutionGuid = {3143F186-EC96-4EC0-87E1-5D1595F939B1}
	EndGlobalSection
EndGlobal
